
Microsoft Visual Studio Solution File, Format Version 12.00
# Visual Studio Version 16
VisualStudioVersion = 16.0.28803.352
MinimumVisualStudioVersion = 10.0.40219.1
Project("{FAE04EC0-301F-11D3-BF4B-00C04F79EFBC}") = "InsertPublisherApp", "InsertPublisherApp\InsertPublisherApp.csproj", "{2B58483D-68C6-496F-8053-4A48620F19FC}"
EndProject
Global
	GlobalSection(SolutionConfigurationPlatforms) = preSolution
		Debug|Any CPU = Debug|Any CPU
		Release|Any CPU = Release|Any CPU
	EndGlobalSection
	GlobalSection(ProjectConfigurationPlatforms) = postSolution
		{2B58483D-68C6-496F-8053-4A48620F19FC}.Debug|Any CPU.ActiveCfg = Debug|Any CPU
		{2B58483D-68C6-496F-8053-4A48620F19FC}.Debug|Any CPU.Build.0 = Debug|Any CPU
		{2B58483D-68C6-496F-8053-4A48620F19FC}.Release|Any CPU.ActiveCfg = Release|Any CPU
		{2B58483D-68C6-496F-8053-4A48620F19FC}.Release|Any CPU.Build.0 = Release|Any CPU
	EndGlobalSection
	GlobalSection(SolutionProperties) = preSolution
		HideSolutionNode = FALSE
	EndGlobalSection
	GlobalSection(ExtensibilityGlobals) = postSolution
		SolutionGuid = {8FCB5B6E-9437-485B-B15B-EE5CA0CAB2B6}
	EndGlobalSection
EndGlobal
